{
    "_readme": [
        "This file locks the dependencies of your project to a known state",
        "Read more about it at https://getcomposer.org/doc/01-basic-usage.md#composer-lock-the-lock-file",
        "This file is @generated automatically"
    ],
    "hash": "de17241eb213da733cc758c6e1d7d498",
    "content-hash": "08c3abb07198cc647f6440ae3d13c34a",
    "packages": [
        {
            "name": "joshcam/mysqli-database-class",
            "version": "dev-master",
            "source": {
                "type": "git",
                "url": "https://github.com/joshcam/PHP-MySQLi-Database-Class.git",
                "reference": "ee17b700031af32d49de5690d6284e4b6b0f08c5"
            },
            "dist": {
                "type": "zip",
                "url": "https://api.github.com/repos/joshcam/PHP-MySQLi-Database-Class/zipball/ee17b700031af32d49de5690d6284e4b6b0f08c5",
                "reference": "ee17b700031af32d49de5690d6284e4b6b0f08c5",
                "shasum": ""
            },
            "require": {
                "php": ">=5.3.0"
            },
            "type": "library",
            "autoload": {
                "files": [
                    "MysqliDb.php",
                    "dbObject.php"
                ]
            },
            "notification-url": "https://packagist.org/downloads/",
            "license": [
                "GPL-3.0"
            ],
            "authors": [
                {
                    "name": "Josh Campbell",
                    "email": "josh.lee.campbell@gmail.com",
                    "homepage": "https://github.com/joshcam",
                    "role": "Developer"
                },
                {
                    "name": "Alexander V. Butenko",
                    "email": "a.butenka@gmail.com",
                    "homepage": "http://smarttechdo.com",
                    "role": "Developer"
                }
            ],
            "description": "PHP MySQL Wrapper and object mapper which utilizes MySQLi and prepared statements",
            "time": "2015-12-27 14:52:03"
        },
        {
            "name": "typo3fluid/fluid",
            "version": "dev-master",
            "source": {
                "type": "git",
                "url": "https://github.com/TYPO3Fluid/Fluid.git",
                "reference": "9e46b9ac2921a2dda4ce59fe5068015f4fdc8ceb"
            },
            "dist": {
                "type": "zip",
                "url": "https://api.github.com/repos/TYPO3Fluid/Fluid/zipball/9e46b9ac2921a2dda4ce59fe5068015f4fdc8ceb",
                "reference": "9e46b9ac2921a2dda4ce59fe5068015f4fdc8ceb",
                "shasum": ""
            },
            "require": {
                "php": ">=5.5.0"
            },
            "require-dev": {
                "johnkary/phpunit-speedtrap": "~1.0@dev",
                "mikey179/vfsstream": "*",
                "namelesscoder/numerolog-phpunit": "@stable",
                "namelesscoder/phpunit-xhprof": "^1.0@dev",
                "phpunit/phpunit": "*",
                "satooshi/php-coveralls": "*"
            },
            "bin": [
                "bin/fluid"
            ],
            "type": "library",
            "autoload": {
                "psr-4": {
                    "TYPO3Fluid\\Fluid\\": "src/"
                }
            },
            "notification-url": "https://packagist.org/downloads/",
            "license": [
                "LGPL-3.0+"
            ],
            "description": "The TYPO3 Fluid template rendering engine",
            "time": "2016-01-06 15:56:56"
        }
    ],
    "packages-dev": [],
    "aliases": [],
    "minimum-stability": "stable",
    "stability-flags": {
        "joshcam/mysqli-database-class": 20,
        "typo3fluid/fluid": 20
    },
    "prefer-stable": false,
    "prefer-lowest": false,
    "platform": [],
    "platform-dev": []
}
